// !$*UTF8*$!
{
	archiveVersion = 1;
	classes = {
	};
	objectVersion = 46;
	objects = {

/* Begin PBXBuildFile section */
		444E9AC81C202AC1007EBF88 /* ExpenseTableView.swift in Sources */ = {isa = PBXBuildFile; fileRef = 444E9AC61C202AC1007EBF88 /* ExpenseTableView.swift */; };
		444E9AC91C202AC1007EBF88 /* ExpenseTableView.xib in Resources */ = {isa = PBXBuildFile; fileRef = 444E9AC71C202AC1007EBF88 /* ExpenseTableView.xib */; };
		444E9ACB1C20895B007EBF88 /* ExpenseListView.swift in Sources */ = {isa = PBXBuildFile; fileRef = 444E9ACA1C20895B007EBF88 /* ExpenseListView.swift */; };
		444E9ACD1C208972007EBF88 /* ExpenseList.xib in Resources */ = {isa = PBXBuildFile; fileRef = 444E9ACC1C208972007EBF88 /* ExpenseList.xib */; };
		44BFE65A1C1B037500042578 /* AppDelegate.swift in Sources */ = {isa = PBXBuildFile; fileRef = 44BFE6591C1B037500042578 /* AppDelegate.swift */; };
		44BFE65C1C1B037500042578 /* AddExpenseViewController.swift in Sources */ = {isa = PBXBuildFile; fileRef = 44BFE65B1C1B037500042578 /* AddExpenseViewController.swift */; };
		44BFE65F1C1B037500042578 /* Main.storyboard in Resources */ = {isa = PBXBuildFile; fileRef = 44BFE65D1C1B037500042578 /* Main.storyboard */; };
		44BFE6621C1B037500042578 /* Budget.xcdatamodeld in Sources */ = {isa = PBXBuildFile; fileRef = 44BFE6601C1B037500042578 /* Budget.xcdatamodeld */; };
		44BFE6641C1B037500042578 /* Assets.xcassets in Resources */ = {isa = PBXBuildFile; fileRef = 44BFE6631C1B037500042578 /* Assets.xcassets */; };
		44BFE6671C1B037500042578 /* LaunchScreen.storyboard in Resources */ = {isa = PBXBuildFile; fileRef = 44BFE6651C1B037500042578 /* LaunchScreen.storyboard */; };
		44BFE66F1C1C14F500042578 /* ExpenseOverviewViewController.swift in Sources */ = {isa = PBXBuildFile; fileRef = 44BFE66E1C1C14F500042578 /* ExpenseOverviewViewController.swift */; };
/* End PBXBuildFile section */

/* Begin PBXFileReference section */
		444E9AC61C202AC1007EBF88 /* ExpenseTableView.swift */ = {isa = PBXFileReference; fileEncoding = 4; lastKnownFileType = sourcecode.swift; path = ExpenseTableView.swift; sourceTree = "<group>"; };
		444E9AC71C202AC1007EBF88 /* ExpenseTableView.xib */ = {isa = PBXFileReference; fileEncoding = 4; lastKnownFileType = file.xib; path = ExpenseTableView.xib; sourceTree = "<group>"; };
		444E9ACA1C20895B007EBF88 /* ExpenseListView.swift */ = {isa = PBXFileReference; fileEncoding = 4; lastKnownFileType = sourcecode.swift; path = ExpenseListView.swift; sourceTree = "<group>"; };
		444E9ACC1C208972007EBF88 /* ExpenseList.xib */ = {isa = PBXFileReference; fileEncoding = 4; lastKnownFileType = file.xib; path = ExpenseList.xib; sourceTree = "<group>"; };
		44BFE6561C1B037500042578 /* Budget.app */ = {isa = PBXFileReference; explicitFileType = wrapper.application; includeInIndex = 0; path = Budget.app; sourceTree = BUILT_PRODUCTS_DIR; };
		44BFE6591C1B037500042578 /* AppDelegate.swift */ = {isa = PBXFileReference; lastKnownFileType = sourcecode.swift; path = AppDelegate.swift; sourceTree = "<group>"; };
		44BFE65B1C1B037500042578 /* AddExpenseViewController.swift */ = {isa = PBXFileReference; lastKnownFileType = sourcecode.swift; path = AddExpenseViewController.swift; sourceTree = "<group>"; };
		44BFE65E1C1B037500042578 /* Base */ = {isa = PBXFileReference; lastKnownFileType = file.storyboard; name = Base; path = Base.lproj/Main.storyboard; sourceTree = "<group>"; };
		44BFE6611C1B037500042578 /* Budget.xcdatamodel */ = {isa = PBXFileReference; lastKnownFileType = wrapper.xcdatamodel; path = Budget.xcdatamodel; sourceTree = "<group>"; };
		44BFE6631C1B037500042578 /* Assets.xcassets */ = {isa = PBXFileReference; lastKnownFileType = folder.assetcatalog; path = Assets.xcassets; sourceTree = "<group>"; };
		44BFE6661C1B037500042578 /* Base */ = {isa = PBXFileReference; lastKnownFileType = file.storyboard; name = Base; path = Base.lproj/LaunchScreen.storyboard; sourceTree = "<group>"; };
		44BFE6681C1B037500042578 /* Info.plist */ = {isa = PBXFileReference; lastKnownFileType = text.plist.xml; path = Info.plist; sourceTree = "<group>"; };
		44BFE66E1C1C14F500042578 /* ExpenseOverviewViewController.swift */ = {isa = PBXFileReference; fileEncoding = 4; lastKnownFileType = sourcecode.swift; path = ExpenseOverviewViewController.swift; sourceTree = "<group>"; };
/* End PBXFileReference section */

/* Begin PBXFrameworksBuildPhase section */
		44BFE6531C1B037500042578 /* Frameworks */ = {
			isa = PBXFrameworksBuildPhase;
			buildActionMask = 2147483647;
			files = (
			);
			runOnlyForDeploymentPostprocessing = 0;
		};
/* End PBXFrameworksBuildPhase section */

/* Begin PBXGroup section */
		44BFE64D1C1B037500042578 = {
			isa = PBXGroup;
			children = (
				44BFE6581C1B037500042578 /* Budget */,
				44BFE6571C1B037500042578 /* Products */,
			);
			sourceTree = "<group>";
		};
		44BFE6571C1B037500042578 /* Products */ = {
			isa = PBXGroup;
			children = (
				44BFE6561C1B037500042578 /* Budget.app */,
			);
			name = Products;
			sourceTree = "<group>";
		};
		44BFE6581C1B037500042578 /* Budget */ = {
			isa = PBXGroup;
			children = (
				44BFE6591C1B037500042578 /* AppDelegate.swift */,
				44BFE65B1C1B037500042578 /* AddExpenseViewController.swift */,
				44BFE65D1C1B037500042578 /* Main.storyboard */,
				44BFE6631C1B037500042578 /* Assets.xcassets */,
				44BFE6651C1B037500042578 /* LaunchScreen.storyboard */,
				44BFE6681C1B037500042578 /* Info.plist */,
				44BFE6601C1B037500042578 /* Budget.xcdatamodeld */,
				44BFE66E1C1C14F500042578 /* ExpenseOverviewViewController.swift */,
				444E9AC61C202AC1007EBF88 /* ExpenseTableView.swift */,
				444E9AC71C202AC1007EBF88 /* ExpenseTableView.xib */,
				444E9ACA1C20895B007EBF88 /* ExpenseListView.swift */,
				444E9ACC1C208972007EBF88 /* ExpenseList.xib */,
			);
			path = Budget;
			sourceTree = "<group>";
		};
/* End PBXGroup section */

/* Begin PBXNativeTarget section */
		44BFE6551C1B037500042578 /* Budget */ = {
			isa = PBXNativeTarget;
			buildConfigurationList = 44BFE66B1C1B037500042578 /* Build configuration list for PBXNativeTarget "Budget" */;
			buildPhases = (
				44BFE6521C1B037500042578 /* Sources */,
				44BFE6531C1B037500042578 /* Frameworks */,
				44BFE6541C1B037500042578 /* Resources */,
			);
			buildRules = (
			);
			dependencies = (
			);
			name = Budget;
			productName = Budget;
			productReference = 44BFE6561C1B037500042578 /* Budget.app */;
			productType = "com.apple.product-type.application";
		};
/* End PBXNativeTarget section */

/* Begin PBXProject section */
		44BFE64E1C1B037500042578 /* Project object */ = {
			isa = PBXProject;
			attributes = {
				LastSwiftUpdateCheck = 0720;
				LastUpgradeCheck = 0720;
				ORGANIZATIONNAME = "Ian Gristock";
				TargetAttributes = {
					44BFE6551C1B037500042578 = {
						CreatedOnToolsVersion = 7.2;
					};
				};
			};
			buildConfigurationList = 44BFE6511C1B037500042578 /* Build configuration list for PBXProject "Budget" */;
			compatibilityVersion = "Xcode 3.2";
			developmentRegion = English;
			hasScannedForEncodings = 0;
			knownRegions = (
				en,
				Base,
			);
			mainGroup = 44BFE64D1C1B037500042578;
			productRefGroup = 44BFE6571C1B037500042578 /* Products */;
			projectDirPath = "";
			projectRoot = "";
			targets = (
				44BFE6551C1B037500042578 /* Budget */,
			);
		};
/* End PBXProject section */

/* Begin PBXResourcesBuildPhase section */
		44BFE6541C1B037500042578 /* Resources */ = {
			isa = PBXResourcesBuildPhase;
			buildActionMask = 2147483647;
			files = (
				444E9ACD1C208972007EBF88 /* ExpenseList.xib in Resources */,
				44BFE6671C1B037500042578 /* LaunchScreen.storyboard in Resources */,
				44BFE6641C1B037500042578 /* Assets.xcassets in Resources */,
				444E9AC91C202AC1007EBF88 /* ExpenseTableView.xib in Resources */,
				44BFE65F1C1B037500042578 /* Main.storyboard in Resources */,
			);
			runOnlyForDeploymentPostprocessing = 0;
		};
/* End PBXResourcesBuildPhase section */

/* Begin PBXSourcesBuildPhase section */
		44BFE6521C1B037500042578 /* Sources */ = {
			isa = PBXSourcesBuildPhase;
			buildActionMask = 2147483647;
			files = (
				444E9AC81C202AC1007EBF88 /* ExpenseTableView.swift in Sources */,
				444E9ACB1C20895B007EBF88 /* ExpenseListView.swift in Sources */,
				44BFE66F1C1C14F500042578 /* ExpenseOverviewViewController.swift in Sources */,
				44BFE65C1C1B037500042578 /* AddExpenseViewController.swift in Sources */,
				44BFE65A1C1B037500042578 /* AppDelegate.swift in Sources */,
				44BFE6621C1B037500042578 /* Budget.xcdatamodeld in Sources */,
			);
			runOnlyForDeploymentPostprocessing = 0;
		};
/* End PBXSourcesBuildPhase section */

/* Begin PBXVariantGroup section */
		44BFE65D1C1B037500042578 /* Main.storyboard */ = {
			isa = PBXVariantGroup;
			children = (
				44BFE65E1C1B037500042578 /* Base */,
			);
			name = Main.storyboard;
			sourceTree = "<group>";
		};
		44BFE6651C1B037500042578 /* LaunchScreen.storyboard */ = {
			isa = PBXVariantGroup;
			children = (
				44BFE6661C1B037500042578 /* Base */,
			);
			name = LaunchScreen.storyboard;
			sourceTree = "<group>";
		};
/* End PBXVariantGroup section */

/* Begin XCBuildConfiguration section */
		44BFE6691C1B037500042578 /* Debug */ = {
			isa = XCBuildConfiguration;
			buildSettings = {
				ALWAYS_SEARCH_USER_PATHS = NO;
				CLANG_CXX_LANGUAGE_STANDARD = "gnu++0x";
				CLANG_CXX_LIBRARY = "libc++";
				CLANG_ENABLE_MODULES = YES;
				CLANG_ENABLE_OBJC_ARC = YES;
				CLANG_WARN_BOOL_CONVERSION = YES;
				CLANG_WARN_CONSTANT_CONVERSION = YES;
				CLANG_WARN_DIRECT_OBJC_ISA_USAGE = YES_ERROR;
				CLANG_WARN_EMPTY_BODY = YES;
				CLANG_WARN_ENUM_CONVERSION = YES;
				CLANG_WARN_INT_CONVERSION = YES;
				CLANG_WARN_OBJC_ROOT_CLASS = YES_ERROR;
				CLANG_WARN_UNREACHABLE_CODE = YES;
				CLANG_WARN__DUPLICATE_METHOD_MATCH = YES;
				"CODE_SIGN_IDENTITY[sdk=iphoneos*]" = "iPhone Developer";
				COPY_PHASE_STRIP = NO;
				DEBUG_INFORMATION_FORMAT = dwarf;
				ENABLE_STRICT_OBJC_MSGSEND = YES;
				ENABLE_TESTABILITY = YES;
				GCC_C_LANGUAGE_STANDARD = gnu99;
				GCC_DYNAMIC_NO_PIC = NO;
				GCC_NO_COMMON_BLOCKS = YES;
				GCC_OPTIMIZATION_LEVEL = 0;
				GCC_PREPROCESSOR_DEFINITIONS = (
					"DEBUG=1",
					"$(inherited)",
				);
				GCC_WARN_64_TO_32_BIT_CONVERSION = YES;
				GCC_WARN_ABOUT_RETURN_TYPE = YES_ERROR;
				GCC_WARN_UNDECLARED_SELECTOR = YES;
				GCC_WARN_UNINITIALIZED_AUTOS = YES_AGGRESSIVE;
				GCC_WARN_UNUSED_FUNCTION = YES;
				GCC_WARN_UNUSED_VARIABLE = YES;
				IPHONEOS_DEPLOYMENT_TARGET = 9.2;
				MTL_ENABLE_DEBUG_INFO = YES;
				ONLY_ACTIVE_ARCH = YES;
				SDKROOT = iphoneos;
				SWIFT_OPTIMIZATION_LEVEL = "-Onone";
				TARGETED_DEVICE_FAMILY = "1,2";
			};
			name = Debug;
		};
		44BFE66A1C1B037500042578 /* Release */ = {
			isa = XCBuildConfiguration;
			buildSettings = {
				ALWAYS_SEARCH_USER_PATHS = NO;
				CLANG_CXX_LANGUAGE_STANDARD = "gnu++0x";
				CLANG_CXX_LIBRARY = "libc++";
				CLANG_ENABLE_MODULES = YES;
				CLANG_ENABLE_OBJC_ARC = YES;
				CLANG_WARN_BOOL_CONVERSION = YES;
				CLANG_WARN_CONSTANT_CONVERSION = YES;
				CLANG_WARN_DIRECT_OBJC_ISA_USAGE = YES_ERROR;
				CLANG_WARN_EMPTY_BODY = YES;
				CLANG_WARN_ENUM_CONVERSION = YES;
				CLANG_WARN_INT_CONVERSION = YES;
				CLANG_WARN_OBJC_ROOT_CLASS = YES_ERROR;
				CLANG_WARN_UNREACHABLE_CODE = YES;
				CLANG_WARN__DUPLICATE_METHOD_MATCH = YES;
				"CODE_SIGN_IDENTITY[sdk=iphoneos*]" = "iPhone Developer";
				COPY_PHASE_STRIP = NO;
				DEBUG_INFORMATION_FORMAT = "dwarf-with-dsym";
				ENABLE_NS_ASSERTIONS = NO;
				ENABLE_STRICT_OBJC_MSGSEND = YES;
				GCC_C_LANGUAGE_STANDARD = gnu99;
				GCC_NO_COMMON_BLOCKS = YES;
				GCC_WARN_64_TO_32_BIT_CONVERSION = YES;
				GCC_WARN_ABOUT_RETURN_TYPE = YES_ERROR;
				GCC_WARN_UNDECLARED_SELECTOR = YES;
				GCC_WARN_UNINITIALIZED_AUTOS = YES_AGGRESSIVE;
				GCC_WARN_UNUSED_FUNCTION = YES;
				GCC_WARN_UNUSED_VARIABLE = YES;
				IPHONEOS_DEPLOYMENT_TARGET = 9.2;
				MTL_ENABLE_DEBUG_INFO = NO;
				SDKROOT = iphoneos;
				TARGETED_DEVICE_FAMILY = "1,2";
				VALIDATE_PRODUCT = YES;
			};
			name = Release;
		};
		44BFE66C1C1B037500042578 /* Debug */ = {
			isa = XCBuildConfiguration;
			buildSettings = {
				ASSETCATALOG_COMPILER_APPICON_NAME = AppIcon;
				INFOPLIST_FILE = Budget/Info.plist;
				LD_RUNPATH_SEARCH_PATHS = "$(inherited) @executable_path/Frameworks";
				PRODUCT_BUNDLE_IDENTIFIER = com.iangristock.Budget;
				PRODUCT_NAME = "$(TARGET_NAME)";
			};
			name = Debug;
		};
		44BFE66D1C1B037500042578 /* Release */ = {
			isa = XCBuildConfiguration;
			buildSettings = {
				ASSETCATALOG_COMPILER_APPICON_NAME = AppIcon;
				INFOPLIST_FILE = Budget/Info.plist;
				LD_RUNPATH_SEARCH_PATHS = "$(inherited) @executable_path/Frameworks";
				PRODUCT_BUNDLE_IDENTIFIER = com.iangristock.Budget;
				PRODUCT_NAME = "$(TARGET_NAME)";
			};
			name = Release;
		};
/* End XCBuildConfiguration section */

/* Begin XCConfigurationList section */
		44BFE6511C1B037500042578 /* Build configuration list for PBXProject "Budget" */ = {
			isa = XCConfigurationList;
			buildConfigurations = (
				44BFE6691C1B037500042578 /* Debug */,
				44BFE66A1C1B037500042578 /* Release */,
			);
			defaultConfigurationIsVisible = 0;
			defaultConfigurationName = Release;
		};
		44BFE66B1C1B037500042578 /* Build configuration list for PBXNativeTarget "Budget" */ = {
			isa = XCConfigurationList;
			buildConfigurations = (
				44BFE66C1C1B037500042578 /* Debug */,
				44BFE66D1C1B037500042578 /* Release */,
			);
			defaultConfigurationIsVisible = 0;
			defaultConfigurationName = Release;
		};
/* End XCConfigurationList section */

/* Begin XCVersionGroup section */
		44BFE6601C1B037500042578 /* Budget.xcdatamodeld */ = {
			isa = XCVersionGroup;
			children = (
				44BFE6611C1B037500042578 /* Budget.xcdatamodel */,
			);
			currentVersion = 44BFE6611C1B037500042578 /* Budget.xcdatamodel */;
			path = Budget.xcdatamodeld;
			sourceTree = "<group>";
			versionGroupType = wrapper.xcdatamodel;
		};
/* End XCVersionGroup section */
	};
	rootObject = 44BFE64E1C1B037500042578 /* Project object */;
}
